
Microsoft Visual Studio Solution File, Format Version 12.00
# Visual Studio Version 17
VisualStudioVersion = 17.8.34322.80
MinimumVisualStudioVersion = 10.0.40219.1
Project("{FAE04EC0-301F-11D3-BF4B-00C04F79EFBC}") = "DroneControl", "DroneControl.csproj", "{40472864-409F-476C-A640-0B1DAD005141}"
EndProject
Global
	GlobalSection(SolutionConfigurationPlatforms) = preSolution
		Debug|x64 = Debug|x64
	EndGlobalSection
	GlobalSection(ProjectConfigurationPlatforms) = postSolution
		{40472864-409F-476C-A640-0B1DAD005141}.Debug|x64.ActiveCfg = Debug|x64
		{40472864-409F-476C-A640-0B1DAD005141}.Debug|x64.Build.0 = Debug|x64
	EndGlobalSection
	GlobalSection(SolutionProperties) = preSolution
		HideSolutionNode = FALSE
	EndGlobalSection
	GlobalSection(ExtensibilityGlobals) = postSolution
		SolutionGuid = {DA56485F-63EC-4C32-91B9-9FC01BD92A4D}
	EndGlobalSection
EndGlobal
